{
  "name": "ia-activity-importer",
  "version": "0.2.3",
  "lockfileVersion": 2,
  "requires": true,
  "packages": {
    "": {
      "version": "0.2.3",
      "license": "ISC",
      "dependencies": {
        "csvtojson": "^2.0.10",
        "scoutbook-activities": "github:troop66matawan/scoutbook-activities#master",
        "scoutbook-scout": "github:troop66matawan/scoutbook-scout#master"
      }
    },
    "node_modules/bluebird": {
      "version": "3.7.2",
      "resolved": "https://registry.npmjs.org/bluebird/-/bluebird-3.7.2.tgz",
      "integrity": "sha512-XpNj6GDQzdfW+r2Wnn7xiSAd7TM3jzkxGXBGTtWKuSXv1xUV+azxAm8jdWZN06QTQk+2N2XB9jRDkvbmQmcRtg=="
    },
    "node_modules/csvtojson": {
      "version": "2.0.10",
      "resolved": "https://registry.npmjs.org/csvtojson/-/csvtojson-2.0.10.tgz",
      "integrity": "sha512-lUWFxGKyhraKCW8Qghz6Z0f2l/PqB1W3AO0HKJzGIQ5JRSlR651ekJDiGJbBT4sRNNv5ddnSGVEnsxP9XRCVpQ==",
      "dependencies": {
        "bluebird": "^3.5.1",
        "lodash": "^4.17.3",
        "strip-bom": "^2.0.0"
      },
      "bin": {
        "csvtojson": "bin/csvtojson"
      },
      "engines": {
        "node": ">=4.0.0"
      }
    },
    "node_modules/is-utf8": {
      "version": "0.2.1",
      "resolved": "https://registry.npmjs.org/is-utf8/-/is-utf8-0.2.1.tgz",
      "integrity": "sha1-Sw2hRCEE0bM2NA6AeX6GXPOffXI="
    },
    "node_modules/lodash": {
      "version": "4.17.20",
      "resolved": "https://registry.npmjs.org/lodash/-/lodash-4.17.20.tgz",
      "integrity": "sha512-PlhdFcillOINfeV7Ni6oF1TAEayyZBoZ8bcshTHqOYJYlrqzRK5hagpagky5o4HfCzzd1TRkXPMFq6cKk9rGmA=="
    },
    "node_modules/scoutbook-activities": {
      "resolved": "git+ssh://git@github.com/troop66matawan/scoutbook-activities.git#947431199603576a390063fa6c964df26e2e671e"
    },
    "node_modules/scoutbook-advancement": {
      "resolved": "git+ssh://git@github.com/troop66matawan/scoutbook-advancement.git#921c9a54d9e360d2e4128f59aa221c5c98def693"
    },
    "node_modules/scoutbook-leadership": {
      "resolved": "git+ssh://git@github.com/troop66matawan/scoutbook-leadership.git#c8cceb4a8aa04f20be22e17d8dbda02a8837ea57"
    },
    "node_modules/scoutbook-scout": {
      "resolved": "git+ssh://git@github.com/troop66matawan/scoutbook-scout.git#9f74fb4386b36ca749f26f4f4b0ce0ff4569fd2a",
      "dependencies": {
        "scoutbook-activities": "github:troop66matawan/scoutbook-activities#master",
        "scoutbook-advancement": "github:troop66matawan/scoutbook-advancement#master",
        "scoutbook-leadership": "github:troop66matawan/scoutbook-leadership#master"
      }
    },
    "node_modules/strip-bom": {
      "version": "2.0.0",
      "resolved": "https://registry.npmjs.org/strip-bom/-/strip-bom-2.0.0.tgz",
      "integrity": "sha1-YhmoVhZSBJHzV4i9vxRHqZx+aw4=",
      "dependencies": {
        "is-utf8": "^0.2.0"
      },
      "engines": {
        "node": ">=0.10.0"
      }
    }
  },
  "dependencies": {
    "bluebird": {
      "version": "3.7.2",
      "resolved": "https://registry.npmjs.org/bluebird/-/bluebird-3.7.2.tgz",
      "integrity": "sha512-XpNj6GDQzdfW+r2Wnn7xiSAd7TM3jzkxGXBGTtWKuSXv1xUV+azxAm8jdWZN06QTQk+2N2XB9jRDkvbmQmcRtg=="
    },
    "csvtojson": {
      "version": "2.0.10",
      "resolved": "https://registry.npmjs.org/csvtojson/-/csvtojson-2.0.10.tgz",
      "integrity": "sha512-lUWFxGKyhraKCW8Qghz6Z0f2l/PqB1W3AO0HKJzGIQ5JRSlR651ekJDiGJbBT4sRNNv5ddnSGVEnsxP9XRCVpQ==",
      "requires": {
        "bluebird": "^3.5.1",
        "lodash": "^4.17.3",
        "strip-bom": "^2.0.0"
      }
    },
    "is-utf8": {
      "version": "0.2.1",
      "resolved": "https://registry.npmjs.org/is-utf8/-/is-utf8-0.2.1.tgz",
      "integrity": "sha1-Sw2hRCEE0bM2NA6AeX6GXPOffXI="
    },
    "lodash": {
      "version": "4.17.20",
      "resolved": "https://registry.npmjs.org/lodash/-/lodash-4.17.20.tgz",
      "integrity": "sha512-PlhdFcillOINfeV7Ni6oF1TAEayyZBoZ8bcshTHqOYJYlrqzRK5hagpagky5o4HfCzzd1TRkXPMFq6cKk9rGmA=="
    },
    "scoutbook-activities": {
      "version": "git+ssh://git@github.com/troop66matawan/scoutbook-activities.git#947431199603576a390063fa6c964df26e2e671e",
      "from": "scoutbook-activities@github:troop66matawan/scoutbook-activities#master"
    },
    "scoutbook-advancement": {
      "version": "git+ssh://git@github.com/troop66matawan/scoutbook-advancement.git#921c9a54d9e360d2e4128f59aa221c5c98def693",
      "from": "scoutbook-advancement@github:troop66matawan/scoutbook-advancement#master"
    },
    "scoutbook-leadership": {
      "version": "git+ssh://git@github.com/troop66matawan/scoutbook-leadership.git#c8cceb4a8aa04f20be22e17d8dbda02a8837ea57",
      "from": "scoutbook-leadership@github:troop66matawan/scoutbook-leadership#master"
    },
    "scoutbook-scout": {
      "version": "git+ssh://git@github.com/troop66matawan/scoutbook-scout.git#9f74fb4386b36ca749f26f4f4b0ce0ff4569fd2a",
      "from": "scoutbook-scout@github:troop66matawan/scoutbook-scout#master",
      "requires": {
        "scoutbook-activities": "github:troop66matawan/scoutbook-activities#master",
        "scoutbook-advancement": "github:troop66matawan/scoutbook-advancement#master",
        "scoutbook-leadership": "github:troop66matawan/scoutbook-leadership#master"
      }
    },
    "strip-bom": {
      "version": "2.0.0",
      "resolved": "https://registry.npmjs.org/strip-bom/-/strip-bom-2.0.0.tgz",
      "integrity": "sha1-YhmoVhZSBJHzV4i9vxRHqZx+aw4=",
      "requires": {
        "is-utf8": "^0.2.0"
      }
    }
  }
}
